// !$*UTF8*$!
{
	archiveVersion = 1;
	classes = {
	};
	objectVersion = 46;
	objects = {

/* Begin PBXBuildFile section */
		949BA9F3B54D5C2019A9D15E /* Pods_NoBroker.framework in Frameworks */ = {isa = PBXBuildFile; fileRef = 84675D3B84AF6E4491E914D3 /* Pods_NoBroker.framework */; };
		C2595EB41EB6F8D700B53439 /* FilterItemCell.swift in Sources */ = {isa = PBXBuildFile; fileRef = C2595EB21EB6F8D700B53439 /* FilterItemCell.swift */; };
		C2595EB51EB6F8D700B53439 /* FilterItemCell.xib in Resources */ = {isa = PBXBuildFile; fileRef = C2595EB31EB6F8D700B53439 /* FilterItemCell.xib */; };
		C2595EB81EB7646700B53439 /* FilterItemHeaderCell.swift in Sources */ = {isa = PBXBuildFile; fileRef = C2595EB61EB7646700B53439 /* FilterItemHeaderCell.swift */; };
		C2595EB91EB7646700B53439 /* FilterItemHeaderCell.xib in Resources */ = {isa = PBXBuildFile; fileRef = C2595EB71EB7646700B53439 /* FilterItemHeaderCell.xib */; };
		C2595EBB1EB7924100B53439 /* FilterParameterSerializer.swift in Sources */ = {isa = PBXBuildFile; fileRef = C2595EBA1EB7924100B53439 /* FilterParameterSerializer.swift */; };
		C2AA40D21EB35B44008F0589 /* AppDelegate.swift in Sources */ = {isa = PBXBuildFile; fileRef = C2AA40D11EB35B44008F0589 /* AppDelegate.swift */; };
		C2AA40D41EB35B44008F0589 /* ViewController.swift in Sources */ = {isa = PBXBuildFile; fileRef = C2AA40D31EB35B44008F0589 /* ViewController.swift */; };
		C2AA40D71EB35B44008F0589 /* Main.storyboard in Resources */ = {isa = PBXBuildFile; fileRef = C2AA40D51EB35B44008F0589 /* Main.storyboard */; };
		C2AA40D91EB35B44008F0589 /* Assets.xcassets in Resources */ = {isa = PBXBuildFile; fileRef = C2AA40D81EB35B44008F0589 /* Assets.xcassets */; };
		C2AA40DC1EB35B44008F0589 /* LaunchScreen.storyboard in Resources */ = {isa = PBXBuildFile; fileRef = C2AA40DA1EB35B44008F0589 /* LaunchScreen.storyboard */; };
		C2AA40EB1EB35DC4008F0589 /* IGListCollectionViewLayout.mm in Sources */ = {isa = PBXBuildFile; fileRef = C2AA40E81EB35DC4008F0589 /* IGListCollectionViewLayout.mm */; };
		C2AA40EE1EB3C2B5008F0589 /* NBGlobalObject.swift in Sources */ = {isa = PBXBuildFile; fileRef = C2AA40ED1EB3C2B5008F0589 /* NBGlobalObject.swift */; };
		C2AA40F01EB3C2FC008F0589 /* NetworkServiceProtocol.swift in Sources */ = {isa = PBXBuildFile; fileRef = C2AA40EF1EB3C2FC008F0589 /* NetworkServiceProtocol.swift */; };
		C2AA40F21EB3C442008F0589 /* NBDefaultNetworkService.swift in Sources */ = {isa = PBXBuildFile; fileRef = C2AA40F11EB3C442008F0589 /* NBDefaultNetworkService.swift */; };
		C2AA40F41EB3D138008F0589 /* BaseViewController.swift in Sources */ = {isa = PBXBuildFile; fileRef = C2AA40F31EB3D138008F0589 /* BaseViewController.swift */; };
		C2AA40F61EB445D2008F0589 /* PropertyListPager.swift in Sources */ = {isa = PBXBuildFile; fileRef = C2AA40F51EB445D2008F0589 /* PropertyListPager.swift */; };
		C2AA40F81EB4619B008F0589 /* MockService.swift in Sources */ = {isa = PBXBuildFile; fileRef = C2AA40F71EB4619B008F0589 /* MockService.swift */; };
		C2AA40FA1EB46AB1008F0589 /* Extensions.swift in Sources */ = {isa = PBXBuildFile; fileRef = C2AA40F91EB46AB1008F0589 /* Extensions.swift */; };
		C2AA40FC1EB49E42008F0589 /* PropertyModel.swift in Sources */ = {isa = PBXBuildFile; fileRef = C2AA40FB1EB49E42008F0589 /* PropertyModel.swift */; };
		C2AA40FE1EB4ADE6008F0589 /* PropertlyListViewController.swift in Sources */ = {isa = PBXBuildFile; fileRef = C2AA40FD1EB4ADE6008F0589 /* PropertlyListViewController.swift */; };
		C2CA647E1EB4C3290057E25D /* Page.swift in Sources */ = {isa = PBXBuildFile; fileRef = C2CA647D1EB4C3290057E25D /* Page.swift */; };
		C2CA64811EB4DC580057E25D /* PropertyListCell.swift in Sources */ = {isa = PBXBuildFile; fileRef = C2CA64801EB4DC580057E25D /* PropertyListCell.swift */; };
		C2CA64851EB5930A0057E25D /* StringHeight.swift in Sources */ = {isa = PBXBuildFile; fileRef = C2CA64841EB5930A0057E25D /* StringHeight.swift */; };
		C2CA64871EB5931D0057E25D /* AnchorExtensions.swift in Sources */ = {isa = PBXBuildFile; fileRef = C2CA64861EB5931D0057E25D /* AnchorExtensions.swift */; };
		C2CA64891EB594850057E25D /* PropertyListCell.xib in Resources */ = {isa = PBXBuildFile; fileRef = C2CA64881EB594850057E25D /* PropertyListCell.xib */; };
		C2CA648B1EB5D7040057E25D /* ImageManager.swift in Sources */ = {isa = PBXBuildFile; fileRef = C2CA648A1EB5D7040057E25D /* ImageManager.swift */; };
		C2DC2E2E1EB6880300A2B29B /* FilterPropertyViewController.swift in Sources */ = {isa = PBXBuildFile; fileRef = C2DC2E2D1EB6880300A2B29B /* FilterPropertyViewController.swift */; };
		C2DC2E301EB689A700A2B29B /* FilterSection.swift in Sources */ = {isa = PBXBuildFile; fileRef = C2DC2E2F1EB689A700A2B29B /* FilterSection.swift */; };
		C2DC2E321EB689B500A2B29B /* FilterSectionItem.swift in Sources */ = {isa = PBXBuildFile; fileRef = C2DC2E311EB689B500A2B29B /* FilterSectionItem.swift */; };
/* End PBXBuildFile section */

/* Begin PBXFileReference section */
		13D61E888E9DC9997DB630C2 /* Pods-NoBroker.release.xcconfig */ = {isa = PBXFileReference; includeInIndex = 1; lastKnownFileType = text.xcconfig; name = "Pods-NoBroker.release.xcconfig"; path = "Pods/Target Support Files/Pods-NoBroker/Pods-NoBroker.release.xcconfig"; sourceTree = "<group>"; };
		2363458034FA661C759E5D45 /* Pods-NoBroker.debug.xcconfig */ = {isa = PBXFileReference; includeInIndex = 1; lastKnownFileType = text.xcconfig; name = "Pods-NoBroker.debug.xcconfig"; path = "Pods/Target Support Files/Pods-NoBroker/Pods-NoBroker.debug.xcconfig"; sourceTree = "<group>"; };
		84675D3B84AF6E4491E914D3 /* Pods_NoBroker.framework */ = {isa = PBXFileReference; explicitFileType = wrapper.framework; includeInIndex = 0; path = Pods_NoBroker.framework; sourceTree = BUILT_PRODUCTS_DIR; };
		C2595EB21EB6F8D700B53439 /* FilterItemCell.swift */ = {isa = PBXFileReference; fileEncoding = 4; lastKnownFileType = sourcecode.swift; path = FilterItemCell.swift; sourceTree = "<group>"; };
		C2595EB31EB6F8D700B53439 /* FilterItemCell.xib */ = {isa = PBXFileReference; fileEncoding = 4; lastKnownFileType = file.xib; path = FilterItemCell.xib; sourceTree = "<group>"; };
		C2595EB61EB7646700B53439 /* FilterItemHeaderCell.swift */ = {isa = PBXFileReference; fileEncoding = 4; lastKnownFileType = sourcecode.swift; path = FilterItemHeaderCell.swift; sourceTree = "<group>"; };
		C2595EB71EB7646700B53439 /* FilterItemHeaderCell.xib */ = {isa = PBXFileReference; fileEncoding = 4; lastKnownFileType = file.xib; path = FilterItemHeaderCell.xib; sourceTree = "<group>"; };
		C2595EBA1EB7924100B53439 /* FilterParameterSerializer.swift */ = {isa = PBXFileReference; fileEncoding = 4; lastKnownFileType = sourcecode.swift; path = FilterParameterSerializer.swift; sourceTree = "<group>"; };
		C2AA40CE1EB35B44008F0589 /* NoBroker.app */ = {isa = PBXFileReference; explicitFileType = wrapper.application; includeInIndex = 0; path = NoBroker.app; sourceTree = BUILT_PRODUCTS_DIR; };
		C2AA40D11EB35B44008F0589 /* AppDelegate.swift */ = {isa = PBXFileReference; lastKnownFileType = sourcecode.swift; path = AppDelegate.swift; sourceTree = "<group>"; };
		C2AA40D31EB35B44008F0589 /* ViewController.swift */ = {isa = PBXFileReference; lastKnownFileType = sourcecode.swift; path = ViewController.swift; sourceTree = "<group>"; };
		C2AA40D61EB35B44008F0589 /* Base */ = {isa = PBXFileReference; lastKnownFileType = file.storyboard; name = Base; path = Base.lproj/Main.storyboard; sourceTree = "<group>"; };
		C2AA40D81EB35B44008F0589 /* Assets.xcassets */ = {isa = PBXFileReference; lastKnownFileType = folder.assetcatalog; path = Assets.xcassets; sourceTree = "<group>"; };
		C2AA40DB1EB35B44008F0589 /* Base */ = {isa = PBXFileReference; lastKnownFileType = file.storyboard; name = Base; path = Base.lproj/LaunchScreen.storyboard; sourceTree = "<group>"; };
		C2AA40DD1EB35B44008F0589 /* Info.plist */ = {isa = PBXFileReference; lastKnownFileType = text.plist.xml; path = Info.plist; sourceTree = "<group>"; };
		C2AA40E51EB35DC3008F0589 /* NoBroker-Bridging-Header.h */ = {isa = PBXFileReference; lastKnownFileType = sourcecode.c.h; path = "NoBroker-Bridging-Header.h"; sourceTree = "<group>"; };
		C2AA40E61EB35DC4008F0589 /* IGListAssert.h */ = {isa = PBXFileReference; fileEncoding = 4; lastKnownFileType = sourcecode.c.h; path = IGListAssert.h; sourceTree = "<group>"; };
		C2AA40E71EB35DC4008F0589 /* IGListCollectionViewLayout.h */ = {isa = PBXFileReference; fileEncoding = 4; lastKnownFileType = sourcecode.c.h; path = IGListCollectionViewLayout.h; sourceTree = "<group>"; };
		C2AA40E81EB35DC4008F0589 /* IGListCollectionViewLayout.mm */ = {isa = PBXFileReference; fileEncoding = 4; lastKnownFileType = sourcecode.cpp.objcpp; path = IGListCollectionViewLayout.mm; sourceTree = "<group>"; };
		C2AA40E91EB35DC4008F0589 /* IGListCollectionViewLayoutInternal.h */ = {isa = PBXFileReference; fileEncoding = 4; lastKnownFileType = sourcecode.c.h; path = IGListCollectionViewLayoutInternal.h; sourceTree = "<group>"; };
		C2AA40EA1EB35DC4008F0589 /* IGListMacros.h */ = {isa = PBXFileReference; fileEncoding = 4; lastKnownFileType = sourcecode.c.h; path = IGListMacros.h; sourceTree = "<group>"; };
		C2AA40ED1EB3C2B5008F0589 /* NBGlobalObject.swift */ = {isa = PBXFileReference; fileEncoding = 4; lastKnownFileType = sourcecode.swift; path = NBGlobalObject.swift; sourceTree = "<group>"; };
		C2AA40EF1EB3C2FC008F0589 /* NetworkServiceProtocol.swift */ = {isa = PBXFileReference; fileEncoding = 4; lastKnownFileType = sourcecode.swift; path = NetworkServiceProtocol.swift; sourceTree = "<group>"; };
		C2AA40F11EB3C442008F0589 /* NBDefaultNetworkService.swift */ = {isa = PBXFileReference; fileEncoding = 4; lastKnownFileType = sourcecode.swift; path = NBDefaultNetworkService.swift; sourceTree = "<group>"; };
		C2AA40F31EB3D138008F0589 /* BaseViewController.swift */ = {isa = PBXFileReference; fileEncoding = 4; lastKnownFileType = sourcecode.swift; path = BaseViewController.swift; sourceTree = "<group>"; };
		C2AA40F51EB445D2008F0589 /* PropertyListPager.swift */ = {isa = PBXFileReference; fileEncoding = 4; lastKnownFileType = sourcecode.swift; path = PropertyListPager.swift; sourceTree = "<group>"; };
		C2AA40F71EB4619B008F0589 /* MockService.swift */ = {isa = PBXFileReference; fileEncoding = 4; lastKnownFileType = sourcecode.swift; path = MockService.swift; sourceTree = "<group>"; };
		C2AA40F91EB46AB1008F0589 /* Extensions.swift */ = {isa = PBXFileReference; fileEncoding = 4; lastKnownFileType = sourcecode.swift; path = Extensions.swift; sourceTree = "<group>"; };
		C2AA40FB1EB49E42008F0589 /* PropertyModel.swift */ = {isa = PBXFileReference; fileEncoding = 4; lastKnownFileType = sourcecode.swift; path = PropertyModel.swift; sourceTree = "<group>"; };
		C2AA40FD1EB4ADE6008F0589 /* PropertlyListViewController.swift */ = {isa = PBXFileReference; fileEncoding = 4; lastKnownFileType = sourcecode.swift; path = PropertlyListViewController.swift; sourceTree = "<group>"; };
		C2CA647D1EB4C3290057E25D /* Page.swift */ = {isa = PBXFileReference; fileEncoding = 4; lastKnownFileType = sourcecode.swift; path = Page.swift; sourceTree = "<group>"; };
		C2CA64801EB4DC580057E25D /* PropertyListCell.swift */ = {isa = PBXFileReference; fileEncoding = 4; lastKnownFileType = sourcecode.swift; path = PropertyListCell.swift; sourceTree = "<group>"; };
		C2CA64841EB5930A0057E25D /* StringHeight.swift */ = {isa = PBXFileReference; fileEncoding = 4; lastKnownFileType = sourcecode.swift; path = StringHeight.swift; sourceTree = "<group>"; };
		C2CA64861EB5931D0057E25D /* AnchorExtensions.swift */ = {isa = PBXFileReference; fileEncoding = 4; lastKnownFileType = sourcecode.swift; path = AnchorExtensions.swift; sourceTree = "<group>"; };
		C2CA64881EB594850057E25D /* PropertyListCell.xib */ = {isa = PBXFileReference; fileEncoding = 4; lastKnownFileType = file.xib; path = PropertyListCell.xib; sourceTree = "<group>"; };
		C2CA648A1EB5D7040057E25D /* ImageManager.swift */ = {isa = PBXFileReference; fileEncoding = 4; lastKnownFileType = sourcecode.swift; path = ImageManager.swift; sourceTree = "<group>"; };
		C2DC2E2D1EB6880300A2B29B /* FilterPropertyViewController.swift */ = {isa = PBXFileReference; fileEncoding = 4; lastKnownFileType = sourcecode.swift; path = FilterPropertyViewController.swift; sourceTree = "<group>"; };
		C2DC2E2F1EB689A700A2B29B /* FilterSection.swift */ = {isa = PBXFileReference; fileEncoding = 4; lastKnownFileType = sourcecode.swift; path = FilterSection.swift; sourceTree = "<group>"; };
		C2DC2E311EB689B500A2B29B /* FilterSectionItem.swift */ = {isa = PBXFileReference; fileEncoding = 4; lastKnownFileType = sourcecode.swift; path = FilterSectionItem.swift; sourceTree = "<group>"; };
/* End PBXFileReference section */

/* Begin PBXFrameworksBuildPhase section */
		C2AA40CB1EB35B44008F0589 /* Frameworks */ = {
			isa = PBXFrameworksBuildPhase;
			buildActionMask = 2147483647;
			files = (
				949BA9F3B54D5C2019A9D15E /* Pods_NoBroker.framework in Frameworks */,
			);
			runOnlyForDeploymentPostprocessing = 0;
		};
/* End PBXFrameworksBuildPhase section */

/* Begin PBXGroup section */
		828703ED1B148A2F703B5BC6 /* Frameworks */ = {
			isa = PBXGroup;
			children = (
				84675D3B84AF6E4491E914D3 /* Pods_NoBroker.framework */,
			);
			name = Frameworks;
			sourceTree = "<group>";
		};
		B12D1D74DBBD9E64F7058FDB /* Pods */ = {
			isa = PBXGroup;
			children = (
				2363458034FA661C759E5D45 /* Pods-NoBroker.debug.xcconfig */,
				13D61E888E9DC9997DB630C2 /* Pods-NoBroker.release.xcconfig */,
			);
			name = Pods;
			sourceTree = "<group>";
		};
		C2AA40C51EB35B44008F0589 = {
			isa = PBXGroup;
			children = (
				C2AA40D01EB35B44008F0589 /* NoBroker */,
				C2AA40CF1EB35B44008F0589 /* Products */,
				B12D1D74DBBD9E64F7058FDB /* Pods */,
				828703ED1B148A2F703B5BC6 /* Frameworks */,
			);
			sourceTree = "<group>";
		};
		C2AA40CF1EB35B44008F0589 /* Products */ = {
			isa = PBXGroup;
			children = (
				C2AA40CE1EB35B44008F0589 /* NoBroker.app */,
			);
			name = Products;
			sourceTree = "<group>";
		};
		C2AA40D01EB35B44008F0589 /* NoBroker */ = {
			isa = PBXGroup;
			children = (
				C2AA40EC1EB35E09008F0589 /* CustomLayout */,
				C2AA40D11EB35B44008F0589 /* AppDelegate.swift */,
				C2AA40FF1EB4ADFA008F0589 /* Models */,
				C2CA647F1EB4DAAB0057E25D /* Cells */,
				C2AA40FD1EB4ADE6008F0589 /* PropertlyListViewController.swift */,
				C2DC2E2D1EB6880300A2B29B /* FilterPropertyViewController.swift */,
				C2DC2E311EB689B500A2B29B /* FilterSectionItem.swift */,
				C2DC2E2F1EB689A700A2B29B /* FilterSection.swift */,
				C2595EBA1EB7924100B53439 /* FilterParameterSerializer.swift */,
				C2AA40F31EB3D138008F0589 /* BaseViewController.swift */,
				C2AA40F91EB46AB1008F0589 /* Extensions.swift */,
				C2AA40D31EB35B44008F0589 /* ViewController.swift */,
				C2CA647D1EB4C3290057E25D /* Page.swift */,
				C2AA40D51EB35B44008F0589 /* Main.storyboard */,
				C2AA40D81EB35B44008F0589 /* Assets.xcassets */,
				C2AA40DA1EB35B44008F0589 /* LaunchScreen.storyboard */,
				C2AA40DD1EB35B44008F0589 /* Info.plist */,
				C2AA40E51EB35DC3008F0589 /* NoBroker-Bridging-Header.h */,
				C2CA64841EB5930A0057E25D /* StringHeight.swift */,
				C2CA64861EB5931D0057E25D /* AnchorExtensions.swift */,
			);
			path = NoBroker;
			sourceTree = "<group>";
		};
		C2AA40EC1EB35E09008F0589 /* CustomLayout */ = {
			isa = PBXGroup;
			children = (
				C2AA40E61EB35DC4008F0589 /* IGListAssert.h */,
				C2AA40E71EB35DC4008F0589 /* IGListCollectionViewLayout.h */,
				C2AA40E81EB35DC4008F0589 /* IGListCollectionViewLayout.mm */,
				C2AA40E91EB35DC4008F0589 /* IGListCollectionViewLayoutInternal.h */,
				C2AA40EA1EB35DC4008F0589 /* IGListMacros.h */,
			);
			name = CustomLayout;
			sourceTree = "<group>";
		};
		C2AA40FF1EB4ADFA008F0589 /* Models */ = {
			isa = PBXGroup;
			children = (
				C2AA40F11EB3C442008F0589 /* NBDefaultNetworkService.swift */,
				C2AA40ED1EB3C2B5008F0589 /* NBGlobalObject.swift */,
				C2AA40EF1EB3C2FC008F0589 /* NetworkServiceProtocol.swift */,
				C2AA40F51EB445D2008F0589 /* PropertyListPager.swift */,
				C2AA40FB1EB49E42008F0589 /* PropertyModel.swift */,
				C2AA40F71EB4619B008F0589 /* MockService.swift */,
				C2CA648A1EB5D7040057E25D /* ImageManager.swift */,
			);
			name = Models;
			sourceTree = "<group>";
		};
		C2CA647F1EB4DAAB0057E25D /* Cells */ = {
			isa = PBXGroup;
			children = (
				C2CA64801EB4DC580057E25D /* PropertyListCell.swift */,
				C2CA64881EB594850057E25D /* PropertyListCell.xib */,
				C2595EB21EB6F8D700B53439 /* FilterItemCell.swift */,
				C2595EB31EB6F8D700B53439 /* FilterItemCell.xib */,
				C2595EB61EB7646700B53439 /* FilterItemHeaderCell.swift */,
				C2595EB71EB7646700B53439 /* FilterItemHeaderCell.xib */,
			);
			name = Cells;
			sourceTree = "<group>";
		};
/* End PBXGroup section */

/* Begin PBXNativeTarget section */
		C2AA40CD1EB35B44008F0589 /* NoBroker */ = {
			isa = PBXNativeTarget;
			buildConfigurationList = C2AA40E01EB35B44008F0589 /* Build configuration list for PBXNativeTarget "NoBroker" */;
			buildPhases = (
				8FFCD569C4619BC138FCF2A6 /* [CP] Check Pods Manifest.lock */,
				C2AA40CA1EB35B44008F0589 /* Sources */,
				C2AA40CB1EB35B44008F0589 /* Frameworks */,
				C2AA40CC1EB35B44008F0589 /* Resources */,
				87C90233D37E10860A4836D4 /* [CP] Embed Pods Frameworks */,
				36AC572CDDD61505D7FF5C0B /* [CP] Copy Pods Resources */,
			);
			buildRules = (
			);
			dependencies = (
			);
			name = NoBroker;
			productName = NoBroker;
			productReference = C2AA40CE1EB35B44008F0589 /* NoBroker.app */;
			productType = "com.apple.product-type.application";
		};
/* End PBXNativeTarget section */

/* Begin PBXProject section */
		C2AA40C61EB35B44008F0589 /* Project object */ = {
			isa = PBXProject;
			attributes = {
				LastSwiftUpdateCheck = 0820;
				LastUpgradeCheck = 0820;
				ORGANIZATIONNAME = "Arjun P A";
				TargetAttributes = {
					C2AA40CD1EB35B44008F0589 = {
						CreatedOnToolsVersion = 8.2.1;
						DevelopmentTeam = ZE2EAVJ28G;
						LastSwiftMigration = 0820;
						ProvisioningStyle = Automatic;
					};
				};
			};
			buildConfigurationList = C2AA40C91EB35B44008F0589 /* Build configuration list for PBXProject "NoBroker" */;
			compatibilityVersion = "Xcode 3.2";
			developmentRegion = English;
			hasScannedForEncodings = 0;
			knownRegions = (
				en,
				Base,
			);
			mainGroup = C2AA40C51EB35B44008F0589;
			productRefGroup = C2AA40CF1EB35B44008F0589 /* Products */;
			projectDirPath = "";
			projectRoot = "";
			targets = (
				C2AA40CD1EB35B44008F0589 /* NoBroker */,
			);
		};
/* End PBXProject section */

/* Begin PBXResourcesBuildPhase section */
		C2AA40CC1EB35B44008F0589 /* Resources */ = {
			isa = PBXResourcesBuildPhase;
			buildActionMask = 2147483647;
			files = (
				C2AA40DC1EB35B44008F0589 /* LaunchScreen.storyboard in Resources */,
				C2595EB51EB6F8D700B53439 /* FilterItemCell.xib in Resources */,
				C2AA40D91EB35B44008F0589 /* Assets.xcassets in Resources */,
				C2CA64891EB594850057E25D /* PropertyListCell.xib in Resources */,
				C2AA40D71EB35B44008F0589 /* Main.storyboard in Resources */,
				C2595EB91EB7646700B53439 /* FilterItemHeaderCell.xib in Resources */,
			);
			runOnlyForDeploymentPostprocessing = 0;
		};
/* End PBXResourcesBuildPhase section */

/* Begin PBXShellScriptBuildPhase section */
		36AC572CDDD61505D7FF5C0B /* [CP] Copy Pods Resources */ = {
			isa = PBXShellScriptBuildPhase;
			buildActionMask = 2147483647;
			files = (
			);
			inputPaths = (
			);
			name = "[CP] Copy Pods Resources";
			outputPaths = (
			);
			runOnlyForDeploymentPostprocessing = 0;
			shellPath = /bin/sh;
			shellScript = "\"${SRCROOT}/Pods/Target Support Files/Pods-NoBroker/Pods-NoBroker-resources.sh\"\n";
			showEnvVarsInLog = 0;
		};
		87C90233D37E10860A4836D4 /* [CP] Embed Pods Frameworks */ = {
			isa = PBXShellScriptBuildPhase;
			buildActionMask = 2147483647;
			files = (
			);
			inputPaths = (
			);
			name = "[CP] Embed Pods Frameworks";
			outputPaths = (
			);
			runOnlyForDeploymentPostprocessing = 0;
			shellPath = /bin/sh;
			shellScript = "\"${SRCROOT}/Pods/Target Support Files/Pods-NoBroker/Pods-NoBroker-frameworks.sh\"\n";
			showEnvVarsInLog = 0;
		};
		8FFCD569C4619BC138FCF2A6 /* [CP] Check Pods Manifest.lock */ = {
			isa = PBXShellScriptBuildPhase;
			buildActionMask = 2147483647;
			files = (
			);
			inputPaths = (
			);
			name = "[CP] Check Pods Manifest.lock";
			outputPaths = (
			);
			runOnlyForDeploymentPostprocessing = 0;
			shellPath = /bin/sh;
			shellScript = "diff \"${PODS_PODFILE_DIR_PATH}/Podfile.lock\" \"${PODS_ROOT}/Manifest.lock\" > /dev/null\nif [ $? != 0 ] ; then\n    # print error to STDERR\n    echo \"error: The sandbox is not in sync with the Podfile.lock. Run 'pod install' or update your CocoaPods installation.\" >&2\n    exit 1\nfi\n";
			showEnvVarsInLog = 0;
		};
/* End PBXShellScriptBuildPhase section */

/* Begin PBXSourcesBuildPhase section */
		C2AA40CA1EB35B44008F0589 /* Sources */ = {
			isa = PBXSourcesBuildPhase;
			buildActionMask = 2147483647;
			files = (
				C2AA40FE1EB4ADE6008F0589 /* PropertlyListViewController.swift in Sources */,
				C2CA648B1EB5D7040057E25D /* ImageManager.swift in Sources */,
				C2595EBB1EB7924100B53439 /* FilterParameterSerializer.swift in Sources */,
				C2DC2E301EB689A700A2B29B /* FilterSection.swift in Sources */,
				C2CA647E1EB4C3290057E25D /* Page.swift in Sources */,
				C2AA40D41EB35B44008F0589 /* ViewController.swift in Sources */,
				C2AA40D21EB35B44008F0589 /* AppDelegate.swift in Sources */,
				C2DC2E2E1EB6880300A2B29B /* FilterPropertyViewController.swift in Sources */,
				C2CA64851EB5930A0057E25D /* StringHeight.swift in Sources */,
				C2595EB41EB6F8D700B53439 /* FilterItemCell.swift in Sources */,
				C2AA40F81EB4619B008F0589 /* MockService.swift in Sources */,
				C2AA40F61EB445D2008F0589 /* PropertyListPager.swift in Sources */,
				C2AA40F21EB3C442008F0589 /* NBDefaultNetworkService.swift in Sources */,
				C2AA40FA1EB46AB1008F0589 /* Extensions.swift in Sources */,
				C2DC2E321EB689B500A2B29B /* FilterSectionItem.swift in Sources */,
				C2AA40EB1EB35DC4008F0589 /* IGListCollectionViewLayout.mm in Sources */,
				C2AA40F41EB3D138008F0589 /* BaseViewController.swift in Sources */,
				C2CA64811EB4DC580057E25D /* PropertyListCell.swift in Sources */,
				C2CA64871EB5931D0057E25D /* AnchorExtensions.swift in Sources */,
				C2AA40F01EB3C2FC008F0589 /* NetworkServiceProtocol.swift in Sources */,
				C2AA40FC1EB49E42008F0589 /* PropertyModel.swift in Sources */,
				C2AA40EE1EB3C2B5008F0589 /* NBGlobalObject.swift in Sources */,
				C2595EB81EB7646700B53439 /* FilterItemHeaderCell.swift in Sources */,
			);
			runOnlyForDeploymentPostprocessing = 0;
		};
/* End PBXSourcesBuildPhase section */

/* Begin PBXVariantGroup section */
		C2AA40D51EB35B44008F0589 /* Main.storyboard */ = {
			isa = PBXVariantGroup;
			children = (
				C2AA40D61EB35B44008F0589 /* Base */,
			);
			name = Main.storyboard;
			sourceTree = "<group>";
		};
		C2AA40DA1EB35B44008F0589 /* LaunchScreen.storyboard */ = {
			isa = PBXVariantGroup;
			children = (
				C2AA40DB1EB35B44008F0589 /* Base */,
			);
			name = LaunchScreen.storyboard;
			sourceTree = "<group>";
		};
/* End PBXVariantGroup section */

/* Begin XCBuildConfiguration section */
		C2AA40DE1EB35B44008F0589 /* Debug */ = {
			isa = XCBuildConfiguration;
			buildSettings = {
				ALWAYS_SEARCH_USER_PATHS = NO;
				CLANG_ANALYZER_NONNULL = YES;
				CLANG_CXX_LANGUAGE_STANDARD = "gnu++0x";
				CLANG_CXX_LIBRARY = "libc++";
				CLANG_ENABLE_MODULES = YES;
				CLANG_ENABLE_OBJC_ARC = YES;
				CLANG_WARN_BOOL_CONVERSION = YES;
				CLANG_WARN_CONSTANT_CONVERSION = YES;
				CLANG_WARN_DIRECT_OBJC_ISA_USAGE = YES_ERROR;
				CLANG_WARN_DOCUMENTATION_COMMENTS = YES;
				CLANG_WARN_EMPTY_BODY = YES;
				CLANG_WARN_ENUM_CONVERSION = YES;
				CLANG_WARN_INFINITE_RECURSION = YES;
				CLANG_WARN_INT_CONVERSION = YES;
				CLANG_WARN_OBJC_ROOT_CLASS = YES_ERROR;
				CLANG_WARN_SUSPICIOUS_MOVE = YES;
				CLANG_WARN_UNREACHABLE_CODE = YES;
				CLANG_WARN__DUPLICATE_METHOD_MATCH = YES;
				"CODE_SIGN_IDENTITY[sdk=iphoneos*]" = "iPhone Developer";
				COPY_PHASE_STRIP = NO;
				DEBUG_INFORMATION_FORMAT = dwarf;
				ENABLE_STRICT_OBJC_MSGSEND = YES;
				ENABLE_TESTABILITY = YES;
				GCC_C_LANGUAGE_STANDARD = gnu99;
				GCC_DYNAMIC_NO_PIC = NO;
				GCC_NO_COMMON_BLOCKS = YES;
				GCC_OPTIMIZATION_LEVEL = 0;
				GCC_PREPROCESSOR_DEFINITIONS = (
					"DEBUG=1",
					"$(inherited)",
				);
				GCC_WARN_64_TO_32_BIT_CONVERSION = YES;
				GCC_WARN_ABOUT_RETURN_TYPE = YES_ERROR;
				GCC_WARN_UNDECLARED_SELECTOR = YES;
				GCC_WARN_UNINITIALIZED_AUTOS = YES_AGGRESSIVE;
				GCC_WARN_UNUSED_FUNCTION = YES;
				GCC_WARN_UNUSED_VARIABLE = YES;
				IPHONEOS_DEPLOYMENT_TARGET = 10.2;
				MTL_ENABLE_DEBUG_INFO = YES;
				ONLY_ACTIVE_ARCH = YES;
				SDKROOT = iphoneos;
				SWIFT_ACTIVE_COMPILATION_CONDITIONS = DEBUG;
				SWIFT_OPTIMIZATION_LEVEL = "-Onone";
			};
			name = Debug;
		};
		C2AA40DF1EB35B44008F0589 /* Release */ = {
			isa = XCBuildConfiguration;
			buildSettings = {
				ALWAYS_SEARCH_USER_PATHS = NO;
				CLANG_ANALYZER_NONNULL = YES;
				CLANG_CXX_LANGUAGE_STANDARD = "gnu++0x";
				CLANG_CXX_LIBRARY = "libc++";
				CLANG_ENABLE_MODULES = YES;
				CLANG_ENABLE_OBJC_ARC = YES;
				CLANG_WARN_BOOL_CONVERSION = YES;
				CLANG_WARN_CONSTANT_CONVERSION = YES;
				CLANG_WARN_DIRECT_OBJC_ISA_USAGE = YES_ERROR;
				CLANG_WARN_DOCUMENTATION_COMMENTS = YES;
				CLANG_WARN_EMPTY_BODY = YES;
				CLANG_WARN_ENUM_CONVERSION = YES;
				CLANG_WARN_INFINITE_RECURSION = YES;
				CLANG_WARN_INT_CONVERSION = YES;
				CLANG_WARN_OBJC_ROOT_CLASS = YES_ERROR;
				CLANG_WARN_SUSPICIOUS_MOVE = YES;
				CLANG_WARN_UNREACHABLE_CODE = YES;
				CLANG_WARN__DUPLICATE_METHOD_MATCH = YES;
				"CODE_SIGN_IDENTITY[sdk=iphoneos*]" = "iPhone Developer";
				COPY_PHASE_STRIP = NO;
				DEBUG_INFORMATION_FORMAT = "dwarf-with-dsym";
				ENABLE_NS_ASSERTIONS = NO;
				ENABLE_STRICT_OBJC_MSGSEND = YES;
				GCC_C_LANGUAGE_STANDARD = gnu99;
				GCC_NO_COMMON_BLOCKS = YES;
				GCC_WARN_64_TO_32_BIT_CONVERSION = YES;
				GCC_WARN_ABOUT_RETURN_TYPE = YES_ERROR;
				GCC_WARN_UNDECLARED_SELECTOR = YES;
				GCC_WARN_UNINITIALIZED_AUTOS = YES_AGGRESSIVE;
				GCC_WARN_UNUSED_FUNCTION = YES;
				GCC_WARN_UNUSED_VARIABLE = YES;
				IPHONEOS_DEPLOYMENT_TARGET = 10.2;
				MTL_ENABLE_DEBUG_INFO = NO;
				SDKROOT = iphoneos;
				SWIFT_OPTIMIZATION_LEVEL = "-Owholemodule";
				VALIDATE_PRODUCT = YES;
			};
			name = Release;
		};
		C2AA40E11EB35B44008F0589 /* Debug */ = {
			isa = XCBuildConfiguration;
			baseConfigurationReference = 2363458034FA661C759E5D45 /* Pods-NoBroker.debug.xcconfig */;
			buildSettings = {
				ASSETCATALOG_COMPILER_APPICON_NAME = AppIcon;
				CLANG_ENABLE_MODULES = YES;
				DEVELOPMENT_TEAM = ZE2EAVJ28G;
				INFOPLIST_FILE = NoBroker/Info.plist;
				LD_RUNPATH_SEARCH_PATHS = "$(inherited) @executable_path/Frameworks";
				PRODUCT_BUNDLE_IDENTIFIER = com.arjun.NoBroker;
				PRODUCT_NAME = "$(TARGET_NAME)";
				SWIFT_OBJC_BRIDGING_HEADER = "NoBroker/NoBroker-Bridging-Header.h";
				SWIFT_OPTIMIZATION_LEVEL = "-Onone";
				SWIFT_VERSION = 3.0;
			};
			name = Debug;
		};
		C2AA40E21EB35B44008F0589 /* Release */ = {
			isa = XCBuildConfiguration;
			baseConfigurationReference = 13D61E888E9DC9997DB630C2 /* Pods-NoBroker.release.xcconfig */;
			buildSettings = {
				ASSETCATALOG_COMPILER_APPICON_NAME = AppIcon;
				CLANG_ENABLE_MODULES = YES;
				DEVELOPMENT_TEAM = ZE2EAVJ28G;
				INFOPLIST_FILE = NoBroker/Info.plist;
				LD_RUNPATH_SEARCH_PATHS = "$(inherited) @executable_path/Frameworks";
				PRODUCT_BUNDLE_IDENTIFIER = com.arjun.NoBroker;
				PRODUCT_NAME = "$(TARGET_NAME)";
				SWIFT_OBJC_BRIDGING_HEADER = "NoBroker/NoBroker-Bridging-Header.h";
				SWIFT_VERSION = 3.0;
			};
			name = Release;
		};
/* End XCBuildConfiguration section */

/* Begin XCConfigurationList section */
		C2AA40C91EB35B44008F0589 /* Build configuration list for PBXProject "NoBroker" */ = {
			isa = XCConfigurationList;
			buildConfigurations = (
				C2AA40DE1EB35B44008F0589 /* Debug */,
				C2AA40DF1EB35B44008F0589 /* Release */,
			);
			defaultConfigurationIsVisible = 0;
			defaultConfigurationName = Release;
		};
		C2AA40E01EB35B44008F0589 /* Build configuration list for PBXNativeTarget "NoBroker" */ = {
			isa = XCConfigurationList;
			buildConfigurations = (
				C2AA40E11EB35B44008F0589 /* Debug */,
				C2AA40E21EB35B44008F0589 /* Release */,
			);
			defaultConfigurationIsVisible = 0;
			defaultConfigurationName = Release;
		};
/* End XCConfigurationList section */
	};
	rootObject = C2AA40C61EB35B44008F0589 /* Project object */;
}
