// !$*UTF8*$!
{
	archiveVersion = 1;
	classes = {
	};
	objectVersion = 46;
	objects = {

/* Begin PBXBuildFile section */
		C2AA40D21EB35B44008F0589 /* AppDelegate.swift in Sources */ = {isa = PBXBuildFile; fileRef = C2AA40D11EB35B44008F0589 /* AppDelegate.swift */; };
		C2AA40D41EB35B44008F0589 /* ViewController.swift in Sources */ = {isa = PBXBuildFile; fileRef = C2AA40D31EB35B44008F0589 /* ViewController.swift */; };
		C2AA40D71EB35B44008F0589 /* Main.storyboard in Resources */ = {isa = PBXBuildFile; fileRef = C2AA40D51EB35B44008F0589 /* Main.storyboard */; };
		C2AA40D91EB35B44008F0589 /* Assets.xcassets in Resources */ = {isa = PBXBuildFile; fileRef = C2AA40D81EB35B44008F0589 /* Assets.xcassets */; };
		C2AA40DC1EB35B44008F0589 /* LaunchScreen.storyboard in Resources */ = {isa = PBXBuildFile; fileRef = C2AA40DA1EB35B44008F0589 /* LaunchScreen.storyboard */; };
/* End PBXBuildFile section */

/* Begin PBXFileReference section */
		C2AA40CE1EB35B44008F0589 /* NoBroker.app */ = {isa = PBXFileReference; explicitFileType = wrapper.application; includeInIndex = 0; path = NoBroker.app; sourceTree = BUILT_PRODUCTS_DIR; };
		C2AA40D11EB35B44008F0589 /* AppDelegate.swift */ = {isa = PBXFileReference; lastKnownFileType = sourcecode.swift; path = AppDelegate.swift; sourceTree = "<group>"; };
		C2AA40D31EB35B44008F0589 /* ViewController.swift */ = {isa = PBXFileReference; lastKnownFileType = sourcecode.swift; path = ViewController.swift; sourceTree = "<group>"; };
		C2AA40D61EB35B44008F0589 /* Base */ = {isa = PBXFileReference; lastKnownFileType = file.storyboard; name = Base; path = Base.lproj/Main.storyboard; sourceTree = "<group>"; };
		C2AA40D81EB35B44008F0589 /* Assets.xcassets */ = {isa = PBXFileReference; lastKnownFileType = folder.assetcatalog; path = Assets.xcassets; sourceTree = "<group>"; };
		C2AA40DB1EB35B44008F0589 /* Base */ = {isa = PBXFileReference; lastKnownFileType = file.storyboard; name = Base; path = Base.lproj/LaunchScreen.storyboard; sourceTree = "<group>"; };
		C2AA40DD1EB35B44008F0589 /* Info.plist */ = {isa = PBXFileReference; lastKnownFileType = text.plist.xml; path = Info.plist; sourceTree = "<group>"; };
/* End PBXFileReference section */

/* Begin PBXFrameworksBuildPhase section */
		C2AA40CB1EB35B44008F0589 /* Frameworks */ = {
			isa = PBXFrameworksBuildPhase;
			buildActionMask = 2147483647;
			files = (
			);
			runOnlyForDeploymentPostprocessing = 0;
		};
/* End PBXFrameworksBuildPhase section */

/* Begin PBXGroup section */
		C2AA40C51EB35B44008F0589 = {
			isa = PBXGroup;
			children = (
				C2AA40D01EB35B44008F0589 /* NoBroker */,
				C2AA40CF1EB35B44008F0589 /* Products */,
			);
			sourceTree = "<group>";
		};
		C2AA40CF1EB35B44008F0589 /* Products */ = {
			isa = PBXGroup;
			children = (
				C2AA40CE1EB35B44008F0589 /* NoBroker.app */,
			);
			name = Products;
			sourceTree = "<group>";
		};
		C2AA40D01EB35B44008F0589 /* NoBroker */ = {
			isa = PBXGroup;
			children = (
				C2AA40D11EB35B44008F0589 /* AppDelegate.swift */,
				C2AA40D31EB35B44008F0589 /* ViewController.swift */,
				C2AA40D51EB35B44008F0589 /* Main.storyboard */,
				C2AA40D81EB35B44008F0589 /* Assets.xcassets */,
				C2AA40DA1EB35B44008F0589 /* LaunchScreen.storyboard */,
				C2AA40DD1EB35B44008F0589 /* Info.plist */,
			);
			path = NoBroker;
			sourceTree = "<group>";
		};
/* End PBXGroup section */

/* Begin PBXNativeTarget section */
		C2AA40CD1EB35B44008F0589 /* NoBroker */ = {
			isa = PBXNativeTarget;
			buildConfigurationList = C2AA40E01EB35B44008F0589 /* Build configuration list for PBXNativeTarget "NoBroker" */;
			buildPhases = (
				C2AA40CA1EB35B44008F0589 /* Sources */,
				C2AA40CB1EB35B44008F0589 /* Frameworks */,
				C2AA40CC1EB35B44008F0589 /* Resources */,
			);
			buildRules = (
			);
			dependencies = (
			);
			name = NoBroker;
			productName = NoBroker;
			productReference = C2AA40CE1EB35B44008F0589 /* NoBroker.app */;
			productType = "com.apple.product-type.application";
		};
/* End PBXNativeTarget section */

/* Begin PBXProject section */
		C2AA40C61EB35B44008F0589 /* Project object */ = {
			isa = PBXProject;
			attributes = {
				LastSwiftUpdateCheck = 0820;
				LastUpgradeCheck = 0820;
				ORGANIZATIONNAME = "Arjun P A";
				TargetAttributes = {
					C2AA40CD1EB35B44008F0589 = {
						CreatedOnToolsVersion = 8.2.1;
						DevelopmentTeam = ZE2EAVJ28G;
						ProvisioningStyle = Automatic;
					};
				};
			};
			buildConfigurationList = C2AA40C91EB35B44008F0589 /* Build configuration list for PBXProject "NoBroker" */;
			compatibilityVersion = "Xcode 3.2";
			developmentRegion = English;
			hasScannedForEncodings = 0;
			knownRegions = (
				en,
				Base,
			);
			mainGroup = C2AA40C51EB35B44008F0589;
			productRefGroup = C2AA40CF1EB35B44008F0589 /* Products */;
			projectDirPath = "";
			projectRoot = "";
			targets = (
				C2AA40CD1EB35B44008F0589 /* NoBroker */,
			);
		};
/* End PBXProject section */

/* Begin PBXResourcesBuildPhase section */
		C2AA40CC1EB35B44008F0589 /* Resources */ = {
			isa = PBXResourcesBuildPhase;
			buildActionMask = 2147483647;
			files = (
				C2AA40DC1EB35B44008F0589 /* LaunchScreen.storyboard in Resources */,
				C2AA40D91EB35B44008F0589 /* Assets.xcassets in Resources */,
				C2AA40D71EB35B44008F0589 /* Main.storyboard in Resources */,
			);
			runOnlyForDeploymentPostprocessing = 0;
		};
/* End PBXResourcesBuildPhase section */

/* Begin PBXSourcesBuildPhase section */
		C2AA40CA1EB35B44008F0589 /* Sources */ = {
			isa = PBXSourcesBuildPhase;
			buildActionMask = 2147483647;
			files = (
				C2AA40D41EB35B44008F0589 /* ViewController.swift in Sources */,
				C2AA40D21EB35B44008F0589 /* AppDelegate.swift in Sources */,
			);
			runOnlyForDeploymentPostprocessing = 0;
		};
/* End PBXSourcesBuildPhase section */

/* Begin PBXVariantGroup section */
		C2AA40D51EB35B44008F0589 /* Main.storyboard */ = {
			isa = PBXVariantGroup;
			children = (
				C2AA40D61EB35B44008F0589 /* Base */,
			);
			name = Main.storyboard;
			sourceTree = "<group>";
		};
		C2AA40DA1EB35B44008F0589 /* LaunchScreen.storyboard */ = {
			isa = PBXVariantGroup;
			children = (
				C2AA40DB1EB35B44008F0589 /* Base */,
			);
			name = LaunchScreen.storyboard;
			sourceTree = "<group>";
		};
/* End PBXVariantGroup section */

/* Begin XCBuildConfiguration section */
		C2AA40DE1EB35B44008F0589 /* Debug */ = {
			isa = XCBuildConfiguration;
			buildSettings = {
				ALWAYS_SEARCH_USER_PATHS = NO;
				CLANG_ANALYZER_NONNULL = YES;
				CLANG_CXX_LANGUAGE_STANDARD = "gnu++0x";
				CLANG_CXX_LIBRARY = "libc++";
				CLANG_ENABLE_MODULES = YES;
				CLANG_ENABLE_OBJC_ARC = YES;
				CLANG_WARN_BOOL_CONVERSION = YES;
				CLANG_WARN_CONSTANT_CONVERSION = YES;
				CLANG_WARN_DIRECT_OBJC_ISA_USAGE = YES_ERROR;
				CLANG_WARN_DOCUMENTATION_COMMENTS = YES;
				CLANG_WARN_EMPTY_BODY = YES;
				CLANG_WARN_ENUM_CONVERSION = YES;
				CLANG_WARN_INFINITE_RECURSION = YES;
				CLANG_WARN_INT_CONVERSION = YES;
				CLANG_WARN_OBJC_ROOT_CLASS = YES_ERROR;
				CLANG_WARN_SUSPICIOUS_MOVE = YES;
				CLANG_WARN_UNREACHABLE_CODE = YES;
				CLANG_WARN__DUPLICATE_METHOD_MATCH = YES;
				"CODE_SIGN_IDENTITY[sdk=iphoneos*]" = "iPhone Developer";
				COPY_PHASE_STRIP = NO;
				DEBUG_INFORMATION_FORMAT = dwarf;
				ENABLE_STRICT_OBJC_MSGSEND = YES;
				ENABLE_TESTABILITY = YES;
				GCC_C_LANGUAGE_STANDARD = gnu99;
				GCC_DYNAMIC_NO_PIC = NO;
				GCC_NO_COMMON_BLOCKS = YES;
				GCC_OPTIMIZATION_LEVEL = 0;
				GCC_PREPROCESSOR_DEFINITIONS = (
					"DEBUG=1",
					"$(inherited)",
				);
				GCC_WARN_64_TO_32_BIT_CONVERSION = YES;
				GCC_WARN_ABOUT_RETURN_TYPE = YES_ERROR;
				GCC_WARN_UNDECLARED_SELECTOR = YES;
				GCC_WARN_UNINITIALIZED_AUTOS = YES_AGGRESSIVE;
				GCC_WARN_UNUSED_FUNCTION = YES;
				GCC_WARN_UNUSED_VARIABLE = YES;
				IPHONEOS_DEPLOYMENT_TARGET = 10.2;
				MTL_ENABLE_DEBUG_INFO = YES;
				ONLY_ACTIVE_ARCH = YES;
				SDKROOT = iphoneos;
				SWIFT_ACTIVE_COMPILATION_CONDITIONS = DEBUG;
				SWIFT_OPTIMIZATION_LEVEL = "-Onone";
			};
			name = Debug;
		};
		C2AA40DF1EB35B44008F0589 /* Release */ = {
			isa = XCBuildConfiguration;
			buildSettings = {
				ALWAYS_SEARCH_USER_PATHS = NO;
				CLANG_ANALYZER_NONNULL = YES;
				CLANG_CXX_LANGUAGE_STANDARD = "gnu++0x";
				CLANG_CXX_LIBRARY = "libc++";
				CLANG_ENABLE_MODULES = YES;
				CLANG_ENABLE_OBJC_ARC = YES;
				CLANG_WARN_BOOL_CONVERSION = YES;
				CLANG_WARN_CONSTANT_CONVERSION = YES;
				CLANG_WARN_DIRECT_OBJC_ISA_USAGE = YES_ERROR;
				CLANG_WARN_DOCUMENTATION_COMMENTS = YES;
				CLANG_WARN_EMPTY_BODY = YES;
				CLANG_WARN_ENUM_CONVERSION = YES;
				CLANG_WARN_INFINITE_RECURSION = YES;
				CLANG_WARN_INT_CONVERSION = YES;
				CLANG_WARN_OBJC_ROOT_CLASS = YES_ERROR;
				CLANG_WARN_SUSPICIOUS_MOVE = YES;
				CLANG_WARN_UNREACHABLE_CODE = YES;
				CLANG_WARN__DUPLICATE_METHOD_MATCH = YES;
				"CODE_SIGN_IDENTITY[sdk=iphoneos*]" = "iPhone Developer";
				COPY_PHASE_STRIP = NO;
				DEBUG_INFORMATION_FORMAT = "dwarf-with-dsym";
				ENABLE_NS_ASSERTIONS = NO;
				ENABLE_STRICT_OBJC_MSGSEND = YES;
				GCC_C_LANGUAGE_STANDARD = gnu99;
				GCC_NO_COMMON_BLOCKS = YES;
				GCC_WARN_64_TO_32_BIT_CONVERSION = YES;
				GCC_WARN_ABOUT_RETURN_TYPE = YES_ERROR;
				GCC_WARN_UNDECLARED_SELECTOR = YES;
				GCC_WARN_UNINITIALIZED_AUTOS = YES_AGGRESSIVE;
				GCC_WARN_UNUSED_FUNCTION = YES;
				GCC_WARN_UNUSED_VARIABLE = YES;
				IPHONEOS_DEPLOYMENT_TARGET = 10.2;
				MTL_ENABLE_DEBUG_INFO = NO;
				SDKROOT = iphoneos;
				SWIFT_OPTIMIZATION_LEVEL = "-Owholemodule";
				VALIDATE_PRODUCT = YES;
			};
			name = Release;
		};
		C2AA40E11EB35B44008F0589 /* Debug */ = {
			isa = XCBuildConfiguration;
			buildSettings = {
				ASSETCATALOG_COMPILER_APPICON_NAME = AppIcon;
				DEVELOPMENT_TEAM = ZE2EAVJ28G;
				INFOPLIST_FILE = NoBroker/Info.plist;
				LD_RUNPATH_SEARCH_PATHS = "$(inherited) @executable_path/Frameworks";
				PRODUCT_BUNDLE_IDENTIFIER = com.arjun.NoBroker;
				PRODUCT_NAME = "$(TARGET_NAME)";
				SWIFT_VERSION = 3.0;
			};
			name = Debug;
		};
		C2AA40E21EB35B44008F0589 /* Release */ = {
			isa = XCBuildConfiguration;
			buildSettings = {
				ASSETCATALOG_COMPILER_APPICON_NAME = AppIcon;
				DEVELOPMENT_TEAM = ZE2EAVJ28G;
				INFOPLIST_FILE = NoBroker/Info.plist;
				LD_RUNPATH_SEARCH_PATHS = "$(inherited) @executable_path/Frameworks";
				PRODUCT_BUNDLE_IDENTIFIER = com.arjun.NoBroker;
				PRODUCT_NAME = "$(TARGET_NAME)";
				SWIFT_VERSION = 3.0;
			};
			name = Release;
		};
/* End XCBuildConfiguration section */

/* Begin XCConfigurationList section */
		C2AA40C91EB35B44008F0589 /* Build configuration list for PBXProject "NoBroker" */ = {
			isa = XCConfigurationList;
			buildConfigurations = (
				C2AA40DE1EB35B44008F0589 /* Debug */,
				C2AA40DF1EB35B44008F0589 /* Release */,
			);
			defaultConfigurationIsVisible = 0;
			defaultConfigurationName = Release;
		};
		C2AA40E01EB35B44008F0589 /* Build configuration list for PBXNativeTarget "NoBroker" */ = {
			isa = XCConfigurationList;
			buildConfigurations = (
				C2AA40E11EB35B44008F0589 /* Debug */,
				C2AA40E21EB35B44008F0589 /* Release */,
			);
			defaultConfigurationIsVisible = 0;
		};
/* End XCConfigurationList section */
	};
	rootObject = C2AA40C61EB35B44008F0589 /* Project object */;
}
